
Microsoft Visual Studio Solution File, Format Version 12.00
# Visual Studio Version 17
VisualStudioVersion = 17.14.37012.4
MinimumVisualStudioVersion = 10.0.40219.1
Project("{FAE04EC0-301F-11D3-BF4B-00C04F79EFBC}") = "Interfata", "Proiect-PIU\Interfata.csproj", "{7BD07384-41C7-4B55-8838-3F3492B270D6}"
EndProject
Project("{FAE04EC0-301F-11D3-BF4B-00C04F79EFBC}") = "Clase", "Clase\Clase.csproj", "{93D7109F-097C-4039-BF82-ADBD97B97943}"
EndProject
Project("{FAE04EC0-301F-11D3-BF4B-00C04F79EFBC}") = "Date", "Date\Date.csproj", "{6A4D846D-D3DF-490C-8757-2348891E533E}"
EndProject
Project("{FAE04EC0-301F-11D3-BF4B-00C04F79EFBC}") = "InterfataWPF", "InterfataWPF\InterfataWPF.csproj", "{850EA120-6B57-47D0-8E52-2CB3E6C707F2}"
EndProject
Global
	GlobalSection(SolutionConfigurationPlatforms) = preSolution
		Debug|Any CPU = Debug|Any CPU
		Release|Any CPU = Release|Any CPU
	EndGlobalSection
	GlobalSection(ProjectConfigurationPlatforms) = postSolution
		{7BD07384-41C7-4B55-8838-3F3492B270D6}.Debug|Any CPU.ActiveCfg = Debug|Any CPU
		{7BD07384-41C7-4B55-8838-3F3492B270D6}.Debug|Any CPU.Build.0 = Debug|Any CPU
		{7BD07384-41C7-4B55-8838-3F3492B270D6}.Release|Any CPU.ActiveCfg = Release|Any CPU
		{7BD07384-41C7-4B55-8838-3F3492B270D6}.Release|Any CPU.Build.0 = Release|Any CPU
		{93D7109F-097C-4039-BF82-ADBD97B97943}.Debug|Any CPU.ActiveCfg = Debug|Any CPU
		{93D7109F-097C-4039-BF82-ADBD97B97943}.Debug|Any CPU.Build.0 = Debug|Any CPU
		{93D7109F-097C-4039-BF82-ADBD97B97943}.Release|Any CPU.ActiveCfg = Release|Any CPU
		{93D7109F-097C-4039-BF82-ADBD97B97943}.Release|Any CPU.Build.0 = Release|Any CPU
		{6A4D846D-D3DF-490C-8757-2348891E533E}.Debug|Any CPU.ActiveCfg = Debug|Any CPU
		{6A4D846D-D3DF-490C-8757-2348891E533E}.Debug|Any CPU.Build.0 = Debug|Any CPU
		{6A4D846D-D3DF-490C-8757-2348891E533E}.Release|Any CPU.ActiveCfg = Release|Any CPU
		{6A4D846D-D3DF-490C-8757-2348891E533E}.Release|Any CPU.Build.0 = Release|Any CPU
		{850EA120-6B57-47D0-8E52-2CB3E6C707F2}.Debug|Any CPU.ActiveCfg = Debug|Any CPU
		{850EA120-6B57-47D0-8E52-2CB3E6C707F2}.Debug|Any CPU.Build.0 = Debug|Any CPU
		{850EA120-6B57-47D0-8E52-2CB3E6C707F2}.Release|Any CPU.ActiveCfg = Release|Any CPU
		{850EA120-6B57-47D0-8E52-2CB3E6C707F2}.Release|Any CPU.Build.0 = Release|Any CPU
	EndGlobalSection
	GlobalSection(SolutionProperties) = preSolution
		HideSolutionNode = FALSE
	EndGlobalSection
	GlobalSection(ExtensibilityGlobals) = postSolution
		SolutionGuid = {29269155-BCBB-497B-A591-E58D47F4773B}
	EndGlobalSection
EndGlobal
